
Microsoft Visual Studio Solution File, Format Version 12.00
# Visual Studio Version 16
VisualStudioVersion = 16.0.29519.181
MinimumVisualStudioVersion = 10.0.40219.1
Project("{FAE04EC0-301F-11D3-BF4B-00C04F79EFBC}") = "FlexDMD", "FlexDMD\FlexDMD.csproj", "{B863555A-A234-43F4-A0FD-34E6A0E00547}"
EndProject
Project("{9A19103F-16F7-4668-BE54-9A1E7A4F7556}") = "FlexDMDCmdTest", "FlexDMDCmdTest\FlexDMDCmdTest.csproj", "{B947DFBE-010E-44F1-855C-AA38BCD4B5BF}"
	ProjectSection(ProjectDependencies) = postProject
		{B863555A-A234-43F4-A0FD-34E6A0E00547} = {B863555A-A234-43F4-A0FD-34E6A0E00547}
	EndProjectSection
EndProject
Project("{FAE04EC0-301F-11D3-BF4B-00C04F79EFBC}") = "FlexDMDUI", "FlexDMDUI\FlexDMDUI.csproj", "{681DED25-2396-4DBE-8B51-CFD841F6349E}"
EndProject
Project("{FAE04EC0-301F-11D3-BF4B-00C04F79EFBC}") = "FlexUDMD", "FlexUDMD\FlexUDMD.csproj", "{62F0E6A3-D1AF-45CF-8893-846ECEB38DFE}"
	ProjectSection(ProjectDependencies) = postProject
		{B863555A-A234-43F4-A0FD-34E6A0E00547} = {B863555A-A234-43F4-A0FD-34E6A0E00547}
	EndProjectSection
EndProject
Global
	GlobalSection(SolutionConfigurationPlatforms) = preSolution
		Debug|Any CPU = Debug|Any CPU
		Release|Any CPU = Release|Any CPU
		ReleaseCI|Any CPU = ReleaseCI|Any CPU
	EndGlobalSection
	GlobalSection(ProjectConfigurationPlatforms) = postSolution
		{B863555A-A234-43F4-A0FD-34E6A0E00547}.Debug|Any CPU.ActiveCfg = Debug|Any CPU
		{B863555A-A234-43F4-A0FD-34E6A0E00547}.Debug|Any CPU.Build.0 = Debug|Any CPU
		{B863555A-A234-43F4-A0FD-34E6A0E00547}.Release|Any CPU.ActiveCfg = Release|Any CPU
		{B863555A-A234-43F4-A0FD-34E6A0E00547}.Release|Any CPU.Build.0 = Release|Any CPU
		{B863555A-A234-43F4-A0FD-34E6A0E00547}.ReleaseCI|Any CPU.ActiveCfg = ReleaseCI|Any CPU
		{B863555A-A234-43F4-A0FD-34E6A0E00547}.ReleaseCI|Any CPU.Build.0 = ReleaseCI|Any CPU
		{B947DFBE-010E-44F1-855C-AA38BCD4B5BF}.Debug|Any CPU.ActiveCfg = Debug|Any CPU
		{B947DFBE-010E-44F1-855C-AA38BCD4B5BF}.Debug|Any CPU.Build.0 = Debug|Any CPU
		{B947DFBE-010E-44F1-855C-AA38BCD4B5BF}.Release|Any CPU.ActiveCfg = Release|Any CPU
		{B947DFBE-010E-44F1-855C-AA38BCD4B5BF}.Release|Any CPU.Build.0 = Release|Any CPU
		{B947DFBE-010E-44F1-855C-AA38BCD4B5BF}.ReleaseCI|Any CPU.ActiveCfg = ReleaseCI|Any CPU
		{681DED25-2396-4DBE-8B51-CFD841F6349E}.Debug|Any CPU.ActiveCfg = Debug|Any CPU
		{681DED25-2396-4DBE-8B51-CFD841F6349E}.Debug|Any CPU.Build.0 = Debug|Any CPU
		{681DED25-2396-4DBE-8B51-CFD841F6349E}.Release|Any CPU.ActiveCfg = Release|Any CPU
		{681DED25-2396-4DBE-8B51-CFD841F6349E}.Release|Any CPU.Build.0 = Release|Any CPU
		{681DED25-2396-4DBE-8B51-CFD841F6349E}.ReleaseCI|Any CPU.ActiveCfg = ReleaseCI|Any CPU
		{681DED25-2396-4DBE-8B51-CFD841F6349E}.ReleaseCI|Any CPU.Build.0 = ReleaseCI|Any CPU
		{62F0E6A3-D1AF-45CF-8893-846ECEB38DFE}.Debug|Any CPU.ActiveCfg = Debug|Any CPU
		{62F0E6A3-D1AF-45CF-8893-846ECEB38DFE}.Debug|Any CPU.Build.0 = Debug|Any CPU
		{62F0E6A3-D1AF-45CF-8893-846ECEB38DFE}.Release|Any CPU.ActiveCfg = Release|Any CPU
		{62F0E6A3-D1AF-45CF-8893-846ECEB38DFE}.Release|Any CPU.Build.0 = Release|Any CPU
		{62F0E6A3-D1AF-45CF-8893-846ECEB38DFE}.ReleaseCI|Any CPU.ActiveCfg = ReleaseCI|Any CPU
		{62F0E6A3-D1AF-45CF-8893-846ECEB38DFE}.ReleaseCI|Any CPU.Build.0 = ReleaseCI|Any CPU
	EndGlobalSection
	GlobalSection(SolutionProperties) = preSolution
		HideSolutionNode = FALSE
	EndGlobalSection
	GlobalSection(ExtensibilityGlobals) = postSolution
		SolutionGuid = {B7337689-7380-4E8D-8E68-DC31158E88C9}
	EndGlobalSection
EndGlobal
